
Microsoft Visual Studio Solution File, Format Version 12.00
# Visual Studio Version 17
VisualStudioVersion = 17.14.36127.28 d17.14
MinimumVisualStudioVersion = 10.0.40219.1
Project("{FAE04EC0-301F-11D3-BF4B-00C04F79EFBC}") = "WpfApp2", "WpfApp2\WpfApp2.csproj", "{1CA21FEF-7EC5-4DEA-AE70-E8152DBF35BB}"
EndProject
Global
	GlobalSection(SolutionConfigurationPlatforms) = preSolution
		Debug|Any CPU = Debug|Any CPU
		Release|Any CPU = Release|Any CPU
	EndGlobalSection
	GlobalSection(ProjectConfigurationPlatforms) = postSolution
		{1CA21FEF-7EC5-4DEA-AE70-E8152DBF35BB}.Debug|Any CPU.ActiveCfg = Debug|Any CPU
		{1CA21FEF-7EC5-4DEA-AE70-E8152DBF35BB}.Debug|Any CPU.Build.0 = Debug|Any CPU
		{1CA21FEF-7EC5-4DEA-AE70-E8152DBF35BB}.Release|Any CPU.ActiveCfg = Release|Any CPU
		{1CA21FEF-7EC5-4DEA-AE70-E8152DBF35BB}.Release|Any CPU.Build.0 = Release|Any CPU
	EndGlobalSection
	GlobalSection(SolutionProperties) = preSolution
		HideSolutionNode = FALSE
	EndGlobalSection
	GlobalSection(ExtensibilityGlobals) = postSolution
		SolutionGuid = {F71A802E-9C0A-4339-8C20-7A043B808A8A}
	EndGlobalSection
EndGlobal
